
Microsoft Visual Studio Solution File, Format Version 12.00
# Visual Studio 2012
Project("{FAE04EC0-301F-11D3-BF4B-00C04F79EFBC}") = "ADS Sample", "ADS Sample\ADS Sample.csproj", "{1D2C6B61-7927-4419-93BB-081073A36B6A}"
EndProject
Project("{B1E792BE-AA5F-4E3C-8C82-674BF9C0715B}") = "TwinCAT Motion", "TwinCAT Project\TwinCAT Motion.tsproj", "{0611AE0D-4DEA-49FA-BDB2-87825A3294C0}"
EndProject
Global
	GlobalSection(SolutionConfigurationPlatforms) = preSolution
		Debug|Any CPU = Debug|Any CPU
		Debug|Mixed Platforms = Debug|Mixed Platforms
		Debug|TwinCAT CE7 (ARMV7) = Debug|TwinCAT CE7 (ARMV7)
		Debug|TwinCAT RT (x64) = Debug|TwinCAT RT (x64)
		Debug|TwinCAT RT (x86) = Debug|TwinCAT RT (x86)
		Release|Any CPU = Release|Any CPU
		Release|Mixed Platforms = Release|Mixed Platforms
		Release|TwinCAT CE7 (ARMV7) = Release|TwinCAT CE7 (ARMV7)
		Release|TwinCAT RT (x64) = Release|TwinCAT RT (x64)
		Release|TwinCAT RT (x86) = Release|TwinCAT RT (x86)
	EndGlobalSection
	GlobalSection(ProjectConfigurationPlatforms) = postSolution
		{1D2C6B61-7927-4419-93BB-081073A36B6A}.Debug|Any CPU.ActiveCfg = Debug|Any CPU
		{1D2C6B61-7927-4419-93BB-081073A36B6A}.Debug|Any CPU.Build.0 = Debug|Any CPU
		{1D2C6B61-7927-4419-93BB-081073A36B6A}.Debug|Mixed Platforms.ActiveCfg = Debug|Any CPU
		{1D2C6B61-7927-4419-93BB-081073A36B6A}.Debug|Mixed Platforms.Build.0 = Debug|Any CPU
		{1D2C6B61-7927-4419-93BB-081073A36B6A}.Debug|TwinCAT CE7 (ARMV7).ActiveCfg = Debug|Any CPU
		{1D2C6B61-7927-4419-93BB-081073A36B6A}.Debug|TwinCAT RT (x64).ActiveCfg = Debug|Any CPU
		{1D2C6B61-7927-4419-93BB-081073A36B6A}.Debug|TwinCAT RT (x86).ActiveCfg = Debug|Any CPU
		{1D2C6B61-7927-4419-93BB-081073A36B6A}.Release|Any CPU.ActiveCfg = Release|Any CPU
		{1D2C6B61-7927-4419-93BB-081073A36B6A}.Release|Any CPU.Build.0 = Release|Any CPU
		{1D2C6B61-7927-4419-93BB-081073A36B6A}.Release|Mixed Platforms.ActiveCfg = Release|Any CPU
		{1D2C6B61-7927-4419-93BB-081073A36B6A}.Release|Mixed Platforms.Build.0 = Release|Any CPU
		{1D2C6B61-7927-4419-93BB-081073A36B6A}.Release|TwinCAT CE7 (ARMV7).ActiveCfg = Release|Any CPU
		{1D2C6B61-7927-4419-93BB-081073A36B6A}.Release|TwinCAT RT (x64).ActiveCfg = Release|Any CPU
		{1D2C6B61-7927-4419-93BB-081073A36B6A}.Release|TwinCAT RT (x64).Build.0 = Release|Any CPU
		{1D2C6B61-7927-4419-93BB-081073A36B6A}.Release|TwinCAT RT (x86).ActiveCfg = Release|Any CPU
		{0611AE0D-4DEA-49FA-BDB2-87825A3294C0}.Debug|Any CPU.ActiveCfg = Debug|TwinCAT CE7 (ARMV7)
		{0611AE0D-4DEA-49FA-BDB2-87825A3294C0}.Debug|Mixed Platforms.ActiveCfg = Debug|TwinCAT CE7 (ARMV7)
		{0611AE0D-4DEA-49FA-BDB2-87825A3294C0}.Debug|Mixed Platforms.Build.0 = Debug|TwinCAT CE7 (ARMV7)
		{0611AE0D-4DEA-49FA-BDB2-87825A3294C0}.Debug|TwinCAT CE7 (ARMV7).ActiveCfg = Debug|TwinCAT CE7 (ARMV7)
		{0611AE0D-4DEA-49FA-BDB2-87825A3294C0}.Debug|TwinCAT CE7 (ARMV7).Build.0 = Debug|TwinCAT CE7 (ARMV7)
		{0611AE0D-4DEA-49FA-BDB2-87825A3294C0}.Debug|TwinCAT RT (x64).ActiveCfg = Debug|TwinCAT RT (x64)
		{0611AE0D-4DEA-49FA-BDB2-87825A3294C0}.Debug|TwinCAT RT (x64).Build.0 = Debug|TwinCAT RT (x64)
		{0611AE0D-4DEA-49FA-BDB2-87825A3294C0}.Debug|TwinCAT RT (x86).ActiveCfg = Debug|TwinCAT RT (x86)
		{0611AE0D-4DEA-49FA-BDB2-87825A3294C0}.Debug|TwinCAT RT (x86).Build.0 = Debug|TwinCAT RT (x86)
		{0611AE0D-4DEA-49FA-BDB2-87825A3294C0}.Release|Any CPU.ActiveCfg = Release|TwinCAT CE7 (ARMV7)
		{0611AE0D-4DEA-49FA-BDB2-87825A3294C0}.Release|Mixed Platforms.ActiveCfg = Release|TwinCAT CE7 (ARMV7)
		{0611AE0D-4DEA-49FA-BDB2-87825A3294C0}.Release|Mixed Platforms.Build.0 = Release|TwinCAT CE7 (ARMV7)
		{0611AE0D-4DEA-49FA-BDB2-87825A3294C0}.Release|TwinCAT CE7 (ARMV7).ActiveCfg = Release|TwinCAT CE7 (ARMV7)
		{0611AE0D-4DEA-49FA-BDB2-87825A3294C0}.Release|TwinCAT CE7 (ARMV7).Build.0 = Release|TwinCAT CE7 (ARMV7)
		{0611AE0D-4DEA-49FA-BDB2-87825A3294C0}.Release|TwinCAT RT (x64).ActiveCfg = Release|TwinCAT RT (x64)
		{0611AE0D-4DEA-49FA-BDB2-87825A3294C0}.Release|TwinCAT RT (x64).Build.0 = Release|TwinCAT RT (x64)
		{0611AE0D-4DEA-49FA-BDB2-87825A3294C0}.Release|TwinCAT RT (x86).ActiveCfg = Release|TwinCAT RT (x86)
		{0611AE0D-4DEA-49FA-BDB2-87825A3294C0}.Release|TwinCAT RT (x86).Build.0 = Release|TwinCAT RT (x86)
		{B6F2B6ED-CD62-4EC7-A86A-D540CDD95E9E}.Debug|Any CPU.ActiveCfg = Debug|TwinCAT CE7 (ARMV7)
		{B6F2B6ED-CD62-4EC7-A86A-D540CDD95E9E}.Debug|Mixed Platforms.ActiveCfg = Debug|TwinCAT CE7 (ARMV7)
		{B6F2B6ED-CD62-4EC7-A86A-D540CDD95E9E}.Debug|Mixed Platforms.Build.0 = Debug|TwinCAT CE7 (ARMV7)
		{B6F2B6ED-CD62-4EC7-A86A-D540CDD95E9E}.Debug|TwinCAT CE7 (ARMV7).ActiveCfg = Debug|TwinCAT CE7 (ARMV7)
		{B6F2B6ED-CD62-4EC7-A86A-D540CDD95E9E}.Debug|TwinCAT CE7 (ARMV7).Build.0 = Debug|TwinCAT CE7 (ARMV7)
		{B6F2B6ED-CD62-4EC7-A86A-D540CDD95E9E}.Debug|TwinCAT RT (x64).ActiveCfg = Debug|TwinCAT RT (x64)
		{B6F2B6ED-CD62-4EC7-A86A-D540CDD95E9E}.Debug|TwinCAT RT (x64).Build.0 = Debug|TwinCAT RT (x64)
		{B6F2B6ED-CD62-4EC7-A86A-D540CDD95E9E}.Debug|TwinCAT RT (x86).ActiveCfg = Debug|TwinCAT RT (x86)
		{B6F2B6ED-CD62-4EC7-A86A-D540CDD95E9E}.Debug|TwinCAT RT (x86).Build.0 = Debug|TwinCAT RT (x86)
		{B6F2B6ED-CD62-4EC7-A86A-D540CDD95E9E}.Release|Any CPU.ActiveCfg = Release|TwinCAT CE7 (ARMV7)
		{B6F2B6ED-CD62-4EC7-A86A-D540CDD95E9E}.Release|Mixed Platforms.ActiveCfg = Release|TwinCAT CE7 (ARMV7)
		{B6F2B6ED-CD62-4EC7-A86A-D540CDD95E9E}.Release|Mixed Platforms.Build.0 = Release|TwinCAT CE7 (ARMV7)
		{B6F2B6ED-CD62-4EC7-A86A-D540CDD95E9E}.Release|TwinCAT CE7 (ARMV7).ActiveCfg = Release|TwinCAT CE7 (ARMV7)
		{B6F2B6ED-CD62-4EC7-A86A-D540CDD95E9E}.Release|TwinCAT CE7 (ARMV7).Build.0 = Release|TwinCAT CE7 (ARMV7)
		{B6F2B6ED-CD62-4EC7-A86A-D540CDD95E9E}.Release|TwinCAT RT (x64).ActiveCfg = Release|TwinCAT RT (x64)
		{B6F2B6ED-CD62-4EC7-A86A-D540CDD95E9E}.Release|TwinCAT RT (x64).Build.0 = Release|TwinCAT RT (x64)
		{B6F2B6ED-CD62-4EC7-A86A-D540CDD95E9E}.Release|TwinCAT RT (x86).ActiveCfg = Release|TwinCAT RT (x86)
		{B6F2B6ED-CD62-4EC7-A86A-D540CDD95E9E}.Release|TwinCAT RT (x86).Build.0 = Release|TwinCAT RT (x86)
	EndGlobalSection
	GlobalSection(SolutionProperties) = preSolution
		HideSolutionNode = FALSE
	EndGlobalSection
EndGlobal
